
Microsoft Visual Studio Solution File, Format Version 12.00
# Visual Studio Version 16
VisualStudioVersion = 16.0.29806.167
MinimumVisualStudioVersion = 10.0.40219.1
Project("{2150E333-8FDC-42A3-9474-1A3956D46DE8}") = "Solution Items", "Solution Items", "{E1ABD702-768C-4AA5-862B-825256C24A46}"
	ProjectSection(SolutionItems) = preProject
		.editorconfig = .editorconfig
		WE-Palette.css = WE-Palette.css
		WebEssentials-Settings.json = WebEssentials-Settings.json
		WebEssentials2015-Settings.json = WebEssentials2015-Settings.json
		.gitignore = .gitignore
	EndProjectSection
EndProject
Project("{9A19103F-16F7-4668-BE54-9A1E7A4F7556}") = "Uceme.API.Test", "Uceme.API.Test\Uceme.API.Test.csproj", "{0AC45A04-9DD0-43D3-891D-F32C4392EA2F}"
EndProject
Project("{FAE04EC0-301F-11D3-BF4B-00C04F79EFBC}") = "Uceme.API", "Uceme.API\Uceme.API.csproj", "{B4DA679A-696E-4632-89A7-A1996330AEAB}"
EndProject
Project("{FAE04EC0-301F-11D3-BF4B-00C04F79EFBC}") = "Uceme.Foundation", "Uceme.Foundation\Uceme.Foundation.csproj", "{C35E5144-8238-4389-9A78-4F9BA8FD7D5C}"
EndProject
Project("{FAE04EC0-301F-11D3-BF4B-00C04F79EFBC}") = "Uceme.Model", "Uceme.Model\Uceme.Model.csproj", "{5FC2E0FC-7417-4374-8402-42C9E47D62D4}"
EndProject
Project("{FAE04EC0-301F-11D3-BF4B-00C04F79EFBC}") = "Uceme.Foundation.Tests", "Uceme.Foundation.Tests\Uceme.Foundation.Tests.csproj", "{C6BDE0C5-0E60-4272-ABDC-BEBDC5D02824}"
EndProject
Project("{FAE04EC0-301F-11D3-BF4B-00C04F79EFBC}") = "Uceme.UI", "Uceme.UI\Uceme.UI.csproj", "{7537EB63-ECE1-4199-88B0-AB92408ADC94}"
EndProject
Global
	GlobalSection(SolutionConfigurationPlatforms) = preSolution
		Debug|Any CPU = Debug|Any CPU
		Release|Any CPU = Release|Any CPU
	EndGlobalSection
	GlobalSection(ProjectConfigurationPlatforms) = postSolution
		{0AC45A04-9DD0-43D3-891D-F32C4392EA2F}.Debug|Any CPU.ActiveCfg = Debug|Any CPU
		{0AC45A04-9DD0-43D3-891D-F32C4392EA2F}.Debug|Any CPU.Build.0 = Debug|Any CPU
		{0AC45A04-9DD0-43D3-891D-F32C4392EA2F}.Release|Any CPU.ActiveCfg = Release|Any CPU
		{0AC45A04-9DD0-43D3-891D-F32C4392EA2F}.Release|Any CPU.Build.0 = Release|Any CPU
		{B4DA679A-696E-4632-89A7-A1996330AEAB}.Debug|Any CPU.ActiveCfg = Debug|Any CPU
		{B4DA679A-696E-4632-89A7-A1996330AEAB}.Debug|Any CPU.Build.0 = Debug|Any CPU
		{B4DA679A-696E-4632-89A7-A1996330AEAB}.Release|Any CPU.ActiveCfg = Release|Any CPU
		{B4DA679A-696E-4632-89A7-A1996330AEAB}.Release|Any CPU.Build.0 = Release|Any CPU
		{C35E5144-8238-4389-9A78-4F9BA8FD7D5C}.Debug|Any CPU.ActiveCfg = Debug|Any CPU
		{C35E5144-8238-4389-9A78-4F9BA8FD7D5C}.Debug|Any CPU.Build.0 = Debug|Any CPU
		{C35E5144-8238-4389-9A78-4F9BA8FD7D5C}.Release|Any CPU.ActiveCfg = Release|Any CPU
		{C35E5144-8238-4389-9A78-4F9BA8FD7D5C}.Release|Any CPU.Build.0 = Release|Any CPU
		{5FC2E0FC-7417-4374-8402-42C9E47D62D4}.Debug|Any CPU.ActiveCfg = Debug|Any CPU
		{5FC2E0FC-7417-4374-8402-42C9E47D62D4}.Debug|Any CPU.Build.0 = Debug|Any CPU
		{5FC2E0FC-7417-4374-8402-42C9E47D62D4}.Release|Any CPU.ActiveCfg = Release|Any CPU
		{5FC2E0FC-7417-4374-8402-42C9E47D62D4}.Release|Any CPU.Build.0 = Release|Any CPU
		{C6BDE0C5-0E60-4272-ABDC-BEBDC5D02824}.Debug|Any CPU.ActiveCfg = Debug|Any CPU
		{C6BDE0C5-0E60-4272-ABDC-BEBDC5D02824}.Debug|Any CPU.Build.0 = Debug|Any CPU
		{C6BDE0C5-0E60-4272-ABDC-BEBDC5D02824}.Release|Any CPU.ActiveCfg = Release|Any CPU
		{C6BDE0C5-0E60-4272-ABDC-BEBDC5D02824}.Release|Any CPU.Build.0 = Release|Any CPU
		{7537EB63-ECE1-4199-88B0-AB92408ADC94}.Debug|Any CPU.ActiveCfg = Debug|Any CPU
		{7537EB63-ECE1-4199-88B0-AB92408ADC94}.Debug|Any CPU.Build.0 = Debug|Any CPU
		{7537EB63-ECE1-4199-88B0-AB92408ADC94}.Release|Any CPU.ActiveCfg = Release|Any CPU
		{7537EB63-ECE1-4199-88B0-AB92408ADC94}.Release|Any CPU.Build.0 = Release|Any CPU
	EndGlobalSection
	GlobalSection(SolutionProperties) = preSolution
		HideSolutionNode = FALSE
	EndGlobalSection
	GlobalSection(ExtensibilityGlobals) = postSolution
		SolutionGuid = {1EFEFCA7-59F4-4F5C-A092-B7ABE99A76EE}
		VisualSVNWorkingCopyRoot = .
	EndGlobalSection
	GlobalSection(MonoDevelopProperties) = preSolution
		Policies = $0
		$0.DotNetNamingPolicy = $1
		$1.DirectoryNamespaceAssociation = PrefixedHierarchical
		$0.StandardHeader = $2
		$0.VersionControlPolicy = $3
		version = 0.3
	EndGlobalSection
EndGlobal
